
Microsoft Visual Studio Solution File, Format Version 12.00
# Visual Studio Version 17
VisualStudioVersion = 17.3.32922.545
MinimumVisualStudioVersion = 10.0.40219.1
Project("{FAE04EC0-301F-11D3-BF4B-00C04F79EFBC}") = "Nice-Battleship", "Nice-Battleship\Nice-Battleship.csproj", "{723D9293-F280-4A38-84AA-ABDF1088F732}"
EndProject
Global
	GlobalSection(SolutionConfigurationPlatforms) = preSolution
		Debug|Any CPU = Debug|Any CPU
		Release|Any CPU = Release|Any CPU
	EndGlobalSection
	GlobalSection(ProjectConfigurationPlatforms) = postSolution
		{723D9293-F280-4A38-84AA-ABDF1088F732}.Debug|Any CPU.ActiveCfg = Debug|Any CPU
		{723D9293-F280-4A38-84AA-ABDF1088F732}.Debug|Any CPU.Build.0 = Debug|Any CPU
		{723D9293-F280-4A38-84AA-ABDF1088F732}.Release|Any CPU.ActiveCfg = Release|Any CPU
		{723D9293-F280-4A38-84AA-ABDF1088F732}.Release|Any CPU.Build.0 = Release|Any CPU
	EndGlobalSection
	GlobalSection(SolutionProperties) = preSolution
		HideSolutionNode = FALSE
	EndGlobalSection
	GlobalSection(ExtensibilityGlobals) = postSolution
		SolutionGuid = {73E55060-C02F-4883-BEC8-D5AB98621959}
	EndGlobalSection
EndGlobal
